// !$*UTF8*$!
{
	archiveVersion = 1;
	classes = {
	};
	objectVersion = 50;
	objects = {

/* Begin PBXBuildFile section */
		F77A0C5C2538A03200CE8B31 /* TennisAppApp.swift in Sources */ = {isa = PBXBuildFile; fileRef = F77A0C5B2538A03200CE8B31 /* TennisAppApp.swift */; };
		F77A0C602538A03400CE8B31 /* Assets.xcassets in Resources */ = {isa = PBXBuildFile; fileRef = F77A0C5F2538A03400CE8B31 /* Assets.xcassets */; };
		F77A0C632538A03400CE8B31 /* Preview Assets.xcassets in Resources */ = {isa = PBXBuildFile; fileRef = F77A0C622538A03400CE8B31 /* Preview Assets.xcassets */; };
		F77A0C652538A03400CE8B31 /* Persistence.swift in Sources */ = {isa = PBXBuildFile; fileRef = F77A0C642538A03400CE8B31 /* Persistence.swift */; };
		F77A0C682538A03400CE8B31 /* TennisApp.xcdatamodeld in Sources */ = {isa = PBXBuildFile; fileRef = F77A0C662538A03400CE8B31 /* TennisApp.xcdatamodeld */; };
		F77A0C732538A03500CE8B31 /* TennisAppTests.swift in Sources */ = {isa = PBXBuildFile; fileRef = F77A0C722538A03500CE8B31 /* TennisAppTests.swift */; };
		F77A0C7E2538A03500CE8B31 /* TennisAppUITests.swift in Sources */ = {isa = PBXBuildFile; fileRef = F77A0C7D2538A03500CE8B31 /* TennisAppUITests.swift */; };
		F77A0CBA2538AE1700CE8B31 /* HomeTabView.swift in Sources */ = {isa = PBXBuildFile; fileRef = F77A0CB92538AE1700CE8B31 /* HomeTabView.swift */; };
		F77A0CD22538AEA600CE8B31 /* TournamentsView.swift in Sources */ = {isa = PBXBuildFile; fileRef = F77A0CCB2538AEA500CE8B31 /* TournamentsView.swift */; };
		F77A0CD32538AEA600CE8B31 /* MatchesView.swift in Sources */ = {isa = PBXBuildFile; fileRef = F77A0CCD2538AEA600CE8B31 /* MatchesView.swift */; };
		F77A0CD62538AEA600CE8B31 /* RankingView.swift in Sources */ = {isa = PBXBuildFile; fileRef = F77A0CD12538AEA600CE8B31 /* RankingView.swift */; };
/* End PBXBuildFile section */

/* Begin PBXContainerItemProxy section */
		F77A0C6F2538A03500CE8B31 /* PBXContainerItemProxy */ = {
			isa = PBXContainerItemProxy;
			containerPortal = F77A0C502538A03200CE8B31 /* Project object */;
			proxyType = 1;
			remoteGlobalIDString = F77A0C572538A03200CE8B31;
			remoteInfo = TennisApp;
		};
		F77A0C7A2538A03500CE8B31 /* PBXContainerItemProxy */ = {
			isa = PBXContainerItemProxy;
			containerPortal = F77A0C502538A03200CE8B31 /* Project object */;
			proxyType = 1;
			remoteGlobalIDString = F77A0C572538A03200CE8B31;
			remoteInfo = TennisApp;
		};
/* End PBXContainerItemProxy section */

/* Begin PBXFileReference section */
		F77A0C582538A03200CE8B31 /* TennisApp.app */ = {isa = PBXFileReference; explicitFileType = wrapper.application; includeInIndex = 0; path = TennisApp.app; sourceTree = BUILT_PRODUCTS_DIR; };
		F77A0C5B2538A03200CE8B31 /* TennisAppApp.swift */ = {isa = PBXFileReference; lastKnownFileType = sourcecode.swift; path = TennisAppApp.swift; sourceTree = "<group>"; };
		F77A0C5F2538A03400CE8B31 /* Assets.xcassets */ = {isa = PBXFileReference; lastKnownFileType = folder.assetcatalog; path = Assets.xcassets; sourceTree = "<group>"; };
		F77A0C622538A03400CE8B31 /* Preview Assets.xcassets */ = {isa = PBXFileReference; lastKnownFileType = folder.assetcatalog; path = "Preview Assets.xcassets"; sourceTree = "<group>"; };
		F77A0C642538A03400CE8B31 /* Persistence.swift */ = {isa = PBXFileReference; lastKnownFileType = sourcecode.swift; path = Persistence.swift; sourceTree = "<group>"; };
		F77A0C672538A03400CE8B31 /* TennisApp.xcdatamodel */ = {isa = PBXFileReference; lastKnownFileType = wrapper.xcdatamodel; path = TennisApp.xcdatamodel; sourceTree = "<group>"; };
		F77A0C692538A03400CE8B31 /* Info.plist */ = {isa = PBXFileReference; lastKnownFileType = text.plist.xml; path = Info.plist; sourceTree = "<group>"; };
		F77A0C6E2538A03500CE8B31 /* TennisAppTests.xctest */ = {isa = PBXFileReference; explicitFileType = wrapper.cfbundle; includeInIndex = 0; path = TennisAppTests.xctest; sourceTree = BUILT_PRODUCTS_DIR; };
		F77A0C722538A03500CE8B31 /* TennisAppTests.swift */ = {isa = PBXFileReference; lastKnownFileType = sourcecode.swift; path = TennisAppTests.swift; sourceTree = "<group>"; };
		F77A0C742538A03500CE8B31 /* Info.plist */ = {isa = PBXFileReference; lastKnownFileType = text.plist.xml; path = Info.plist; sourceTree = "<group>"; };
		F77A0C792538A03500CE8B31 /* TennisAppUITests.xctest */ = {isa = PBXFileReference; explicitFileType = wrapper.cfbundle; includeInIndex = 0; path = TennisAppUITests.xctest; sourceTree = BUILT_PRODUCTS_DIR; };
		F77A0C7D2538A03500CE8B31 /* TennisAppUITests.swift */ = {isa = PBXFileReference; lastKnownFileType = sourcecode.swift; path = TennisAppUITests.swift; sourceTree = "<group>"; };
		F77A0C7F2538A03500CE8B31 /* Info.plist */ = {isa = PBXFileReference; lastKnownFileType = text.plist.xml; path = Info.plist; sourceTree = "<group>"; };
		F77A0CB92538AE1700CE8B31 /* HomeTabView.swift */ = {isa = PBXFileReference; lastKnownFileType = sourcecode.swift; path = HomeTabView.swift; sourceTree = "<group>"; };
		F77A0CCB2538AEA500CE8B31 /* TournamentsView.swift */ = {isa = PBXFileReference; fileEncoding = 4; lastKnownFileType = sourcecode.swift; path = TournamentsView.swift; sourceTree = "<group>"; };
		F77A0CCD2538AEA600CE8B31 /* MatchesView.swift */ = {isa = PBXFileReference; fileEncoding = 4; lastKnownFileType = sourcecode.swift; path = MatchesView.swift; sourceTree = "<group>"; };
		F77A0CD12538AEA600CE8B31 /* RankingView.swift */ = {isa = PBXFileReference; fileEncoding = 4; lastKnownFileType = sourcecode.swift; path = RankingView.swift; sourceTree = "<group>"; };
/* End PBXFileReference section */

/* Begin PBXFrameworksBuildPhase section */
		F77A0C552538A03200CE8B31 /* Frameworks */ = {
			isa = PBXFrameworksBuildPhase;
			buildActionMask = 2147483647;
			files = (
			);
			runOnlyForDeploymentPostprocessing = 0;
		};
		F77A0C6B2538A03500CE8B31 /* Frameworks */ = {
			isa = PBXFrameworksBuildPhase;
			buildActionMask = 2147483647;
			files = (
			);
			runOnlyForDeploymentPostprocessing = 0;
		};
		F77A0C762538A03500CE8B31 /* Frameworks */ = {
			isa = PBXFrameworksBuildPhase;
			buildActionMask = 2147483647;
			files = (
			);
			runOnlyForDeploymentPostprocessing = 0;
		};
/* End PBXFrameworksBuildPhase section */

/* Begin PBXGroup section */
		F77A0C4F2538A03200CE8B31 = {
			isa = PBXGroup;
			children = (
				F77A0C5A2538A03200CE8B31 /* TennisApp */,
				F77A0C712538A03500CE8B31 /* TennisAppTests */,
				F77A0C7C2538A03500CE8B31 /* TennisAppUITests */,
				F77A0C592538A03200CE8B31 /* Products */,
			);
			sourceTree = "<group>";
		};
		F77A0C592538A03200CE8B31 /* Products */ = {
			isa = PBXGroup;
			children = (
				F77A0C582538A03200CE8B31 /* TennisApp.app */,
				F77A0C6E2538A03500CE8B31 /* TennisAppTests.xctest */,
				F77A0C792538A03500CE8B31 /* TennisAppUITests.xctest */,
			);
			name = Products;
			sourceTree = "<group>";
		};
		F77A0C5A2538A03200CE8B31 /* TennisApp */ = {
			isa = PBXGroup;
			children = (
				F77A0CAB2538A5DD00CE8B31 /* App */,
				F77A0CAC2538A5EA00CE8B31 /* BusinessLogic */,
				F77A0CAA2538A5CB00CE8B31 /* Views */,
				F77A0C8E2538A06400CE8B31 /* Resources */,
				F77A0C612538A03400CE8B31 /* Preview Content */,
				F77A0C662538A03400CE8B31 /* TennisApp.xcdatamodeld */,
				F77A0C692538A03400CE8B31 /* Info.plist */,
			);
			path = TennisApp;
			sourceTree = "<group>";
		};
		F77A0C612538A03400CE8B31 /* Preview Content */ = {
			isa = PBXGroup;
			children = (
				F77A0C622538A03400CE8B31 /* Preview Assets.xcassets */,
			);
			path = "Preview Content";
			sourceTree = "<group>";
		};
		F77A0C712538A03500CE8B31 /* TennisAppTests */ = {
			isa = PBXGroup;
			children = (
				F77A0C722538A03500CE8B31 /* TennisAppTests.swift */,
				F77A0C742538A03500CE8B31 /* Info.plist */,
			);
			path = TennisAppTests;
			sourceTree = "<group>";
		};
		F77A0C7C2538A03500CE8B31 /* TennisAppUITests */ = {
			isa = PBXGroup;
			children = (
				F77A0C7D2538A03500CE8B31 /* TennisAppUITests.swift */,
				F77A0C7F2538A03500CE8B31 /* Info.plist */,
			);
			path = TennisAppUITests;
			sourceTree = "<group>";
		};
		F77A0C8E2538A06400CE8B31 /* Resources */ = {
			isa = PBXGroup;
			children = (
				F77A0C5F2538A03400CE8B31 /* Assets.xcassets */,
			);
			path = Resources;
			sourceTree = "<group>";
		};
		F77A0CAA2538A5CB00CE8B31 /* Views */ = {
			isa = PBXGroup;
			children = (
				F77A0CB82538ADF500CE8B31 /* Main */,
				F77A0CCC2538AEA600CE8B31 /* Matches */,
				F77A0CD02538AEA600CE8B31 /* Ranking */,
				F77A0CCA2538AEA500CE8B31 /* Tournaments */,
			);
			path = Views;
			sourceTree = "<group>";
		};
		F77A0CAB2538A5DD00CE8B31 /* App */ = {
			isa = PBXGroup;
			children = (
				F77A0C5B2538A03200CE8B31 /* TennisAppApp.swift */,
			);
			path = App;
			sourceTree = "<group>";
		};
		F77A0CAC2538A5EA00CE8B31 /* BusinessLogic */ = {
			isa = PBXGroup;
			children = (
				F77A0CAD2538A61300CE8B31 /* Models */,
				F77A0CAE2538A61B00CE8B31 /* Networking */,
				F77A0C642538A03400CE8B31 /* Persistence.swift */,
			);
			path = BusinessLogic;
			sourceTree = "<group>";
		};
		F77A0CAD2538A61300CE8B31 /* Models */ = {
			isa = PBXGroup;
			children = (
			);
			path = Models;
			sourceTree = "<group>";
		};
		F77A0CAE2538A61B00CE8B31 /* Networking */ = {
			isa = PBXGroup;
			children = (
			);
			path = Networking;
			sourceTree = "<group>";
		};
		F77A0CB82538ADF500CE8B31 /* Main */ = {
			isa = PBXGroup;
			children = (
				F77A0CB92538AE1700CE8B31 /* HomeTabView.swift */,
			);
			path = Main;
			sourceTree = "<group>";
		};
		F77A0CCA2538AEA500CE8B31 /* Tournaments */ = {
			isa = PBXGroup;
			children = (
				F77A0CCB2538AEA500CE8B31 /* TournamentsView.swift */,
			);
			path = Tournaments;
			sourceTree = "<group>";
		};
		F77A0CCC2538AEA600CE8B31 /* Matches */ = {
			isa = PBXGroup;
			children = (
				F77A0CCD2538AEA600CE8B31 /* MatchesView.swift */,
			);
			path = Matches;
			sourceTree = "<group>";
		};
		F77A0CD02538AEA600CE8B31 /* Ranking */ = {
			isa = PBXGroup;
			children = (
				F77A0CD12538AEA600CE8B31 /* RankingView.swift */,
			);
			path = Ranking;
			sourceTree = "<group>";
		};
/* End PBXGroup section */

/* Begin PBXNativeTarget section */
		F77A0C572538A03200CE8B31 /* TennisApp */ = {
			isa = PBXNativeTarget;
			buildConfigurationList = F77A0C822538A03500CE8B31 /* Build configuration list for PBXNativeTarget "TennisApp" */;
			buildPhases = (
				F77A0C542538A03200CE8B31 /* Sources */,
				F77A0C552538A03200CE8B31 /* Frameworks */,
				F77A0C562538A03200CE8B31 /* Resources */,
			);
			buildRules = (
			);
			dependencies = (
			);
			name = TennisApp;
			productName = TennisApp;
			productReference = F77A0C582538A03200CE8B31 /* TennisApp.app */;
			productType = "com.apple.product-type.application";
		};
		F77A0C6D2538A03500CE8B31 /* TennisAppTests */ = {
			isa = PBXNativeTarget;
			buildConfigurationList = F77A0C852538A03500CE8B31 /* Build configuration list for PBXNativeTarget "TennisAppTests" */;
			buildPhases = (
				F77A0C6A2538A03500CE8B31 /* Sources */,
				F77A0C6B2538A03500CE8B31 /* Frameworks */,
				F77A0C6C2538A03500CE8B31 /* Resources */,
			);
			buildRules = (
			);
			dependencies = (
				F77A0C702538A03500CE8B31 /* PBXTargetDependency */,
			);
			name = TennisAppTests;
			productName = TennisAppTests;
			productReference = F77A0C6E2538A03500CE8B31 /* TennisAppTests.xctest */;
			productType = "com.apple.product-type.bundle.unit-test";
		};
		F77A0C782538A03500CE8B31 /* TennisAppUITests */ = {
			isa = PBXNativeTarget;
			buildConfigurationList = F77A0C882538A03500CE8B31 /* Build configuration list for PBXNativeTarget "TennisAppUITests" */;
			buildPhases = (
				F77A0C752538A03500CE8B31 /* Sources */,
				F77A0C762538A03500CE8B31 /* Frameworks */,
				F77A0C772538A03500CE8B31 /* Resources */,
			);
			buildRules = (
			);
			dependencies = (
				F77A0C7B2538A03500CE8B31 /* PBXTargetDependency */,
			);
			name = TennisAppUITests;
			productName = TennisAppUITests;
			productReference = F77A0C792538A03500CE8B31 /* TennisAppUITests.xctest */;
			productType = "com.apple.product-type.bundle.ui-testing";
		};
/* End PBXNativeTarget section */

/* Begin PBXProject section */
		F77A0C502538A03200CE8B31 /* Project object */ = {
			isa = PBXProject;
			attributes = {
				LastSwiftUpdateCheck = 1200;
				LastUpgradeCheck = 1200;
				TargetAttributes = {
					F77A0C572538A03200CE8B31 = {
						CreatedOnToolsVersion = 12.0.1;
					};
					F77A0C6D2538A03500CE8B31 = {
						CreatedOnToolsVersion = 12.0.1;
						TestTargetID = F77A0C572538A03200CE8B31;
					};
					F77A0C782538A03500CE8B31 = {
						CreatedOnToolsVersion = 12.0.1;
						TestTargetID = F77A0C572538A03200CE8B31;
					};
				};
			};
			buildConfigurationList = F77A0C532538A03200CE8B31 /* Build configuration list for PBXProject "TennisApp" */;
			compatibilityVersion = "Xcode 9.3";
			developmentRegion = en;
			hasScannedForEncodings = 0;
			knownRegions = (
				en,
				Base,
			);
			mainGroup = F77A0C4F2538A03200CE8B31;
			productRefGroup = F77A0C592538A03200CE8B31 /* Products */;
			projectDirPath = "";
			projectRoot = "";
			targets = (
				F77A0C572538A03200CE8B31 /* TennisApp */,
				F77A0C6D2538A03500CE8B31 /* TennisAppTests */,
				F77A0C782538A03500CE8B31 /* TennisAppUITests */,
			);
		};
/* End PBXProject section */

/* Begin PBXResourcesBuildPhase section */
		F77A0C562538A03200CE8B31 /* Resources */ = {
			isa = PBXResourcesBuildPhase;
			buildActionMask = 2147483647;
			files = (
				F77A0C632538A03400CE8B31 /* Preview Assets.xcassets in Resources */,
				F77A0C602538A03400CE8B31 /* Assets.xcassets in Resources */,
			);
			runOnlyForDeploymentPostprocessing = 0;
		};
		F77A0C6C2538A03500CE8B31 /* Resources */ = {
			isa = PBXResourcesBuildPhase;
			buildActionMask = 2147483647;
			files = (
			);
			runOnlyForDeploymentPostprocessing = 0;
		};
		F77A0C772538A03500CE8B31 /* Resources */ = {
			isa = PBXResourcesBuildPhase;
			buildActionMask = 2147483647;
			files = (
			);
			runOnlyForDeploymentPostprocessing = 0;
		};
/* End PBXResourcesBuildPhase section */

/* Begin PBXSourcesBuildPhase section */
		F77A0C542538A03200CE8B31 /* Sources */ = {
			isa = PBXSourcesBuildPhase;
			buildActionMask = 2147483647;
			files = (
				F77A0C682538A03400CE8B31 /* TennisApp.xcdatamodeld in Sources */,
				F77A0CD62538AEA600CE8B31 /* RankingView.swift in Sources */,
				F77A0C652538A03400CE8B31 /* Persistence.swift in Sources */,
				F77A0CD22538AEA600CE8B31 /* TournamentsView.swift in Sources */,
				F77A0CBA2538AE1700CE8B31 /* HomeTabView.swift in Sources */,
				F77A0CD32538AEA600CE8B31 /* MatchesView.swift in Sources */,
				F77A0C5C2538A03200CE8B31 /* TennisAppApp.swift in Sources */,
			);
			runOnlyForDeploymentPostprocessing = 0;
		};
		F77A0C6A2538A03500CE8B31 /* Sources */ = {
			isa = PBXSourcesBuildPhase;
			buildActionMask = 2147483647;
			files = (
				F77A0C732538A03500CE8B31 /* TennisAppTests.swift in Sources */,
			);
			runOnlyForDeploymentPostprocessing = 0;
		};
		F77A0C752538A03500CE8B31 /* Sources */ = {
			isa = PBXSourcesBuildPhase;
			buildActionMask = 2147483647;
			files = (
				F77A0C7E2538A03500CE8B31 /* TennisAppUITests.swift in Sources */,
			);
			runOnlyForDeploymentPostprocessing = 0;
		};
/* End PBXSourcesBuildPhase section */

/* Begin PBXTargetDependency section */
		F77A0C702538A03500CE8B31 /* PBXTargetDependency */ = {
			isa = PBXTargetDependency;
			target = F77A0C572538A03200CE8B31 /* TennisApp */;
			targetProxy = F77A0C6F2538A03500CE8B31 /* PBXContainerItemProxy */;
		};
		F77A0C7B2538A03500CE8B31 /* PBXTargetDependency */ = {
			isa = PBXTargetDependency;
			target = F77A0C572538A03200CE8B31 /* TennisApp */;
			targetProxy = F77A0C7A2538A03500CE8B31 /* PBXContainerItemProxy */;
		};
/* End PBXTargetDependency section */

/* Begin XCBuildConfiguration section */
		F77A0C802538A03500CE8B31 /* Debug */ = {
			isa = XCBuildConfiguration;
			buildSettings = {
				ALWAYS_SEARCH_USER_PATHS = NO;
				CLANG_ANALYZER_NONNULL = YES;
				CLANG_ANALYZER_NUMBER_OBJECT_CONVERSION = YES_AGGRESSIVE;
				CLANG_CXX_LANGUAGE_STANDARD = "gnu++14";
				CLANG_CXX_LIBRARY = "libc++";
				CLANG_ENABLE_MODULES = YES;
				CLANG_ENABLE_OBJC_ARC = YES;
				CLANG_ENABLE_OBJC_WEAK = YES;
				CLANG_WARN_BLOCK_CAPTURE_AUTORELEASING = YES;
				CLANG_WARN_BOOL_CONVERSION = YES;
				CLANG_WARN_COMMA = YES;
				CLANG_WARN_CONSTANT_CONVERSION = YES;
				CLANG_WARN_DEPRECATED_OBJC_IMPLEMENTATIONS = YES;
				CLANG_WARN_DIRECT_OBJC_ISA_USAGE = YES_ERROR;
				CLANG_WARN_DOCUMENTATION_COMMENTS = YES;
				CLANG_WARN_EMPTY_BODY = YES;
				CLANG_WARN_ENUM_CONVERSION = YES;
				CLANG_WARN_INFINITE_RECURSION = YES;
				CLANG_WARN_INT_CONVERSION = YES;
				CLANG_WARN_NON_LITERAL_NULL_CONVERSION = YES;
				CLANG_WARN_OBJC_IMPLICIT_RETAIN_SELF = YES;
				CLANG_WARN_OBJC_LITERAL_CONVERSION = YES;
				CLANG_WARN_OBJC_ROOT_CLASS = YES_ERROR;
				CLANG_WARN_QUOTED_INCLUDE_IN_FRAMEWORK_HEADER = YES;
				CLANG_WARN_RANGE_LOOP_ANALYSIS = YES;
				CLANG_WARN_STRICT_PROTOTYPES = YES;
				CLANG_WARN_SUSPICIOUS_MOVE = YES;
				CLANG_WARN_UNGUARDED_AVAILABILITY = YES_AGGRESSIVE;
				CLANG_WARN_UNREACHABLE_CODE = YES;
				CLANG_WARN__DUPLICATE_METHOD_MATCH = YES;
				COPY_PHASE_STRIP = NO;
				DEBUG_INFORMATION_FORMAT = dwarf;
				ENABLE_STRICT_OBJC_MSGSEND = YES;
				ENABLE_TESTABILITY = YES;
				GCC_C_LANGUAGE_STANDARD = gnu11;
				GCC_DYNAMIC_NO_PIC = NO;
				GCC_NO_COMMON_BLOCKS = YES;
				GCC_OPTIMIZATION_LEVEL = 0;
				GCC_PREPROCESSOR_DEFINITIONS = (
					"DEBUG=1",
					"$(inherited)",
				);
				GCC_WARN_64_TO_32_BIT_CONVERSION = YES;
				GCC_WARN_ABOUT_RETURN_TYPE = YES_ERROR;
				GCC_WARN_UNDECLARED_SELECTOR = YES;
				GCC_WARN_UNINITIALIZED_AUTOS = YES_AGGRESSIVE;
				GCC_WARN_UNUSED_FUNCTION = YES;
				GCC_WARN_UNUSED_VARIABLE = YES;
				IPHONEOS_DEPLOYMENT_TARGET = 14.0;
				MTL_ENABLE_DEBUG_INFO = INCLUDE_SOURCE;
				MTL_FAST_MATH = YES;
				ONLY_ACTIVE_ARCH = YES;
				SDKROOT = iphoneos;
				SWIFT_ACTIVE_COMPILATION_CONDITIONS = DEBUG;
				SWIFT_OPTIMIZATION_LEVEL = "-Onone";
			};
			name = Debug;
		};
		F77A0C812538A03500CE8B31 /* Release */ = {
			isa = XCBuildConfiguration;
			buildSettings = {
				ALWAYS_SEARCH_USER_PATHS = NO;
				CLANG_ANALYZER_NONNULL = YES;
				CLANG_ANALYZER_NUMBER_OBJECT_CONVERSION = YES_AGGRESSIVE;
				CLANG_CXX_LANGUAGE_STANDARD = "gnu++14";
				CLANG_CXX_LIBRARY = "libc++";
				CLANG_ENABLE_MODULES = YES;
				CLANG_ENABLE_OBJC_ARC = YES;
				CLANG_ENABLE_OBJC_WEAK = YES;
				CLANG_WARN_BLOCK_CAPTURE_AUTORELEASING = YES;
				CLANG_WARN_BOOL_CONVERSION = YES;
				CLANG_WARN_COMMA = YES;
				CLANG_WARN_CONSTANT_CONVERSION = YES;
				CLANG_WARN_DEPRECATED_OBJC_IMPLEMENTATIONS = YES;
				CLANG_WARN_DIRECT_OBJC_ISA_USAGE = YES_ERROR;
				CLANG_WARN_DOCUMENTATION_COMMENTS = YES;
				CLANG_WARN_EMPTY_BODY = YES;
				CLANG_WARN_ENUM_CONVERSION = YES;
				CLANG_WARN_INFINITE_RECURSION = YES;
				CLANG_WARN_INT_CONVERSION = YES;
				CLANG_WARN_NON_LITERAL_NULL_CONVERSION = YES;
				CLANG_WARN_OBJC_IMPLICIT_RETAIN_SELF = YES;
				CLANG_WARN_OBJC_LITERAL_CONVERSION = YES;
				CLANG_WARN_OBJC_ROOT_CLASS = YES_ERROR;
				CLANG_WARN_QUOTED_INCLUDE_IN_FRAMEWORK_HEADER = YES;
				CLANG_WARN_RANGE_LOOP_ANALYSIS = YES;
				CLANG_WARN_STRICT_PROTOTYPES = YES;
				CLANG_WARN_SUSPICIOUS_MOVE = YES;
				CLANG_WARN_UNGUARDED_AVAILABILITY = YES_AGGRESSIVE;
				CLANG_WARN_UNREACHABLE_CODE = YES;
				CLANG_WARN__DUPLICATE_METHOD_MATCH = YES;
				COPY_PHASE_STRIP = NO;
				DEBUG_INFORMATION_FORMAT = "dwarf-with-dsym";
				ENABLE_NS_ASSERTIONS = NO;
				ENABLE_STRICT_OBJC_MSGSEND = YES;
				GCC_C_LANGUAGE_STANDARD = gnu11;
				GCC_NO_COMMON_BLOCKS = YES;
				GCC_WARN_64_TO_32_BIT_CONVERSION = YES;
				GCC_WARN_ABOUT_RETURN_TYPE = YES_ERROR;
				GCC_WARN_UNDECLARED_SELECTOR = YES;
				GCC_WARN_UNINITIALIZED_AUTOS = YES_AGGRESSIVE;
				GCC_WARN_UNUSED_FUNCTION = YES;
				GCC_WARN_UNUSED_VARIABLE = YES;
				IPHONEOS_DEPLOYMENT_TARGET = 14.0;
				MTL_ENABLE_DEBUG_INFO = NO;
				MTL_FAST_MATH = YES;
				SDKROOT = iphoneos;
				SWIFT_COMPILATION_MODE = wholemodule;
				SWIFT_OPTIMIZATION_LEVEL = "-O";
				VALIDATE_PRODUCT = YES;
			};
			name = Release;
		};
		F77A0C832538A03500CE8B31 /* Debug */ = {
			isa = XCBuildConfiguration;
			buildSettings = {
				ASSETCATALOG_COMPILER_APPICON_NAME = AppIcon;
				ASSETCATALOG_COMPILER_GLOBAL_ACCENT_COLOR_NAME = AccentColor;
				CODE_SIGN_STYLE = Automatic;
				DEVELOPMENT_ASSET_PATHS = "\"TennisApp/Preview Content\"";
				DEVELOPMENT_TEAM = CUV6QXER67;
				ENABLE_PREVIEWS = YES;
				INFOPLIST_FILE = TennisApp/Info.plist;
				IPHONEOS_DEPLOYMENT_TARGET = 14.0;
				LD_RUNPATH_SEARCH_PATHS = (
					"$(inherited)",
					"@executable_path/Frameworks",
				);
				PRODUCT_BUNDLE_IDENTIFIER = by.alena.tennisApp.TennisApp;
				PRODUCT_NAME = "$(TARGET_NAME)";
				SWIFT_VERSION = 5.0;
				TARGETED_DEVICE_FAMILY = 1;
			};
			name = Debug;
		};
		F77A0C842538A03500CE8B31 /* Release */ = {
			isa = XCBuildConfiguration;
			buildSettings = {
				ASSETCATALOG_COMPILER_APPICON_NAME = AppIcon;
				ASSETCATALOG_COMPILER_GLOBAL_ACCENT_COLOR_NAME = AccentColor;
				CODE_SIGN_STYLE = Automatic;
				DEVELOPMENT_ASSET_PATHS = "\"TennisApp/Preview Content\"";
				DEVELOPMENT_TEAM = CUV6QXER67;
				ENABLE_PREVIEWS = YES;
				INFOPLIST_FILE = TennisApp/Info.plist;
				IPHONEOS_DEPLOYMENT_TARGET = 14.0;
				LD_RUNPATH_SEARCH_PATHS = (
					"$(inherited)",
					"@executable_path/Frameworks",
				);
				PRODUCT_BUNDLE_IDENTIFIER = by.alena.tennisApp.TennisApp;
				PRODUCT_NAME = "$(TARGET_NAME)";
				SWIFT_VERSION = 5.0;
				TARGETED_DEVICE_FAMILY = 1;
			};
			name = Release;
		};
		F77A0C862538A03500CE8B31 /* Debug */ = {
			isa = XCBuildConfiguration;
			buildSettings = {
				ALWAYS_EMBED_SWIFT_STANDARD_LIBRARIES = YES;
				BUNDLE_LOADER = "$(TEST_HOST)";
				CODE_SIGN_STYLE = Automatic;
				DEVELOPMENT_TEAM = CUV6QXER67;
				INFOPLIST_FILE = TennisAppTests/Info.plist;
				IPHONEOS_DEPLOYMENT_TARGET = 14.0;
				LD_RUNPATH_SEARCH_PATHS = (
					"$(inherited)",
					"@executable_path/Frameworks",
					"@loader_path/Frameworks",
				);
				PRODUCT_BUNDLE_IDENTIFIER = by.alena.tennisApp.TennisAppTests;
				PRODUCT_NAME = "$(TARGET_NAME)";
				SWIFT_VERSION = 5.0;
				TARGETED_DEVICE_FAMILY = "1,2";
				TEST_HOST = "$(BUILT_PRODUCTS_DIR)/TennisApp.app/TennisApp";
			};
			name = Debug;
		};
		F77A0C872538A03500CE8B31 /* Release */ = {
			isa = XCBuildConfiguration;
			buildSettings = {
				ALWAYS_EMBED_SWIFT_STANDARD_LIBRARIES = YES;
				BUNDLE_LOADER = "$(TEST_HOST)";
				CODE_SIGN_STYLE = Automatic;
				DEVELOPMENT_TEAM = CUV6QXER67;
				INFOPLIST_FILE = TennisAppTests/Info.plist;
				IPHONEOS_DEPLOYMENT_TARGET = 14.0;
				LD_RUNPATH_SEARCH_PATHS = (
					"$(inherited)",
					"@executable_path/Frameworks",
					"@loader_path/Frameworks",
				);
				PRODUCT_BUNDLE_IDENTIFIER = by.alena.tennisApp.TennisAppTests;
				PRODUCT_NAME = "$(TARGET_NAME)";
				SWIFT_VERSION = 5.0;
				TARGETED_DEVICE_FAMILY = "1,2";
				TEST_HOST = "$(BUILT_PRODUCTS_DIR)/TennisApp.app/TennisApp";
			};
			name = Release;
		};
		F77A0C892538A03500CE8B31 /* Debug */ = {
			isa = XCBuildConfiguration;
			buildSettings = {
				ALWAYS_EMBED_SWIFT_STANDARD_LIBRARIES = YES;
				CODE_SIGN_STYLE = Automatic;
				DEVELOPMENT_TEAM = CUV6QXER67;
				INFOPLIST_FILE = TennisAppUITests/Info.plist;
				LD_RUNPATH_SEARCH_PATHS = (
					"$(inherited)",
					"@executable_path/Frameworks",
					"@loader_path/Frameworks",
				);
				PRODUCT_BUNDLE_IDENTIFIER = by.alena.tennisApp.TennisAppUITests;
				PRODUCT_NAME = "$(TARGET_NAME)";
				SWIFT_VERSION = 5.0;
				TARGETED_DEVICE_FAMILY = "1,2";
				TEST_TARGET_NAME = TennisApp;
			};
			name = Debug;
		};
		F77A0C8A2538A03500CE8B31 /* Release */ = {
			isa = XCBuildConfiguration;
			buildSettings = {
				ALWAYS_EMBED_SWIFT_STANDARD_LIBRARIES = YES;
				CODE_SIGN_STYLE = Automatic;
				DEVELOPMENT_TEAM = CUV6QXER67;
				INFOPLIST_FILE = TennisAppUITests/Info.plist;
				LD_RUNPATH_SEARCH_PATHS = (
					"$(inherited)",
					"@executable_path/Frameworks",
					"@loader_path/Frameworks",
				);
				PRODUCT_BUNDLE_IDENTIFIER = by.alena.tennisApp.TennisAppUITests;
				PRODUCT_NAME = "$(TARGET_NAME)";
				SWIFT_VERSION = 5.0;
				TARGETED_DEVICE_FAMILY = "1,2";
				TEST_TARGET_NAME = TennisApp;
			};
			name = Release;
		};
/* End XCBuildConfiguration section */

/* Begin XCConfigurationList section */
		F77A0C532538A03200CE8B31 /* Build configuration list for PBXProject "TennisApp" */ = {
			isa = XCConfigurationList;
			buildConfigurations = (
				F77A0C802538A03500CE8B31 /* Debug */,
				F77A0C812538A03500CE8B31 /* Release */,
			);
			defaultConfigurationIsVisible = 0;
			defaultConfigurationName = Release;
		};
		F77A0C822538A03500CE8B31 /* Build configuration list for PBXNativeTarget "TennisApp" */ = {
			isa = XCConfigurationList;
			buildConfigurations = (
				F77A0C832538A03500CE8B31 /* Debug */,
				F77A0C842538A03500CE8B31 /* Release */,
			);
			defaultConfigurationIsVisible = 0;
			defaultConfigurationName = Release;
		};
		F77A0C852538A03500CE8B31 /* Build configuration list for PBXNativeTarget "TennisAppTests" */ = {
			isa = XCConfigurationList;
			buildConfigurations = (
				F77A0C862538A03500CE8B31 /* Debug */,
				F77A0C872538A03500CE8B31 /* Release */,
			);
			defaultConfigurationIsVisible = 0;
			defaultConfigurationName = Release;
		};
		F77A0C882538A03500CE8B31 /* Build configuration list for PBXNativeTarget "TennisAppUITests" */ = {
			isa = XCConfigurationList;
			buildConfigurations = (
				F77A0C892538A03500CE8B31 /* Debug */,
				F77A0C8A2538A03500CE8B31 /* Release */,
			);
			defaultConfigurationIsVisible = 0;
			defaultConfigurationName = Release;
		};
/* End XCConfigurationList section */

/* Begin XCVersionGroup section */
		F77A0C662538A03400CE8B31 /* TennisApp.xcdatamodeld */ = {
			isa = XCVersionGroup;
			children = (
				F77A0C672538A03400CE8B31 /* TennisApp.xcdatamodel */,
			);
			currentVersion = F77A0C672538A03400CE8B31 /* TennisApp.xcdatamodel */;
			path = TennisApp.xcdatamodeld;
			sourceTree = "<group>";
			versionGroupType = wrapper.xcdatamodel;
		};
/* End XCVersionGroup section */
	};
	rootObject = F77A0C502538A03200CE8B31 /* Project object */;
}
